
Microsoft Visual Studio Solution File, Format Version 12.00
# Visual Studio Version 17
VisualStudioVersion = 17.14.36017.23
MinimumVisualStudioVersion = 10.0.40219.1
Project("{FAE04EC0-301F-11D3-BF4B-00C04F79EFBC}") = "BigShotApi", "BigShotApi\BigShotApi.csproj", "{D31DC33F-A8DE-4B89-99C2-D7B91F6FFFE2}"
EndProject
Project("{FAE04EC0-301F-11D3-BF4B-00C04F79EFBC}") = "BigShotCore", "BigShotCore\BigShotCore.csproj", "{1A850CD5-FA73-452D-A5F2-D5765C8C3230}"
EndProject
Global
	GlobalSection(SolutionConfigurationPlatforms) = preSolution
		Debug|Any CPU = Debug|Any CPU
		Release|Any CPU = Release|Any CPU
	EndGlobalSection
	GlobalSection(ProjectConfigurationPlatforms) = postSolution
		{D31DC33F-A8DE-4B89-99C2-D7B91F6FFFE2}.Debug|Any CPU.ActiveCfg = Debug|Any CPU
		{D31DC33F-A8DE-4B89-99C2-D7B91F6FFFE2}.Debug|Any CPU.Build.0 = Debug|Any CPU
		{D31DC33F-A8DE-4B89-99C2-D7B91F6FFFE2}.Release|Any CPU.ActiveCfg = Release|Any CPU
		{D31DC33F-A8DE-4B89-99C2-D7B91F6FFFE2}.Release|Any CPU.Build.0 = Release|Any CPU
		{1A850CD5-FA73-452D-A5F2-D5765C8C3230}.Debug|Any CPU.ActiveCfg = Debug|Any CPU
		{1A850CD5-FA73-452D-A5F2-D5765C8C3230}.Debug|Any CPU.Build.0 = Debug|Any CPU
		{1A850CD5-FA73-452D-A5F2-D5765C8C3230}.Release|Any CPU.ActiveCfg = Release|Any CPU
		{1A850CD5-FA73-452D-A5F2-D5765C8C3230}.Release|Any CPU.Build.0 = Release|Any CPU
	EndGlobalSection
	GlobalSection(SolutionProperties) = preSolution
		HideSolutionNode = FALSE
	EndGlobalSection
	GlobalSection(ExtensibilityGlobals) = postSolution
		SolutionGuid = {78BADBEC-9469-4FEB-9E34-9D7AFC9677A9}
	EndGlobalSection
EndGlobal
